// !$*UTF8*$!
{
	archiveVersion = 1;
	classes = {
	};
	objectVersion = 46;
	objects = {

/* Begin PBXBuildFile section */
		CD29631F1972AC42009A867F /* AppDelegate.swift in Sources */ = {isa = PBXBuildFile; fileRef = CD29631E1972AC42009A867F /* AppDelegate.swift */; };
		CD2963211972AC42009A867F /* ViewController.swift in Sources */ = {isa = PBXBuildFile; fileRef = CD2963201972AC42009A867F /* ViewController.swift */; };
		CD2963241972AC42009A867F /* Main.storyboard in Resources */ = {isa = PBXBuildFile; fileRef = CD2963221972AC42009A867F /* Main.storyboard */; };
		CD2963261972AC42009A867F /* Images.xcassets in Resources */ = {isa = PBXBuildFile; fileRef = CD2963251972AC42009A867F /* Images.xcassets */; };
		CD2963321972AC42009A867F /* UpcomingMoviesTests.swift in Sources */ = {isa = PBXBuildFile; fileRef = CD2963311972AC42009A867F /* UpcomingMoviesTests.swift */; };
/* End PBXBuildFile section */

/* Begin PBXContainerItemProxy section */
		CD29632C1972AC42009A867F /* PBXContainerItemProxy */ = {
			isa = PBXContainerItemProxy;
			containerPortal = CD2963111972AC42009A867F /* Project object */;
			proxyType = 1;
			remoteGlobalIDString = CD2963181972AC42009A867F;
			remoteInfo = UpcomingMovies;
		};
/* End PBXContainerItemProxy section */

/* Begin PBXFileReference section */
		CD2963191972AC42009A867F /* UpcomingMovies.app */ = {isa = PBXFileReference; explicitFileType = wrapper.application; includeInIndex = 0; path = UpcomingMovies.app; sourceTree = BUILT_PRODUCTS_DIR; };
		CD29631D1972AC42009A867F /* Info.plist */ = {isa = PBXFileReference; lastKnownFileType = text.plist.xml; path = Info.plist; sourceTree = "<group>"; };
		CD29631E1972AC42009A867F /* AppDelegate.swift */ = {isa = PBXFileReference; lastKnownFileType = sourcecode.swift; path = AppDelegate.swift; sourceTree = "<group>"; };
		CD2963201972AC42009A867F /* ViewController.swift */ = {isa = PBXFileReference; lastKnownFileType = sourcecode.swift; path = ViewController.swift; sourceTree = "<group>"; };
		CD2963231972AC42009A867F /* Base */ = {isa = PBXFileReference; lastKnownFileType = file.storyboard; name = Base; path = Base.lproj/Main.storyboard; sourceTree = "<group>"; };
		CD2963251972AC42009A867F /* Images.xcassets */ = {isa = PBXFileReference; lastKnownFileType = folder.assetcatalog; path = Images.xcassets; sourceTree = "<group>"; };
		CD29632B1972AC42009A867F /* UpcomingMoviesTests.xctest */ = {isa = PBXFileReference; explicitFileType = wrapper.cfbundle; includeInIndex = 0; path = UpcomingMoviesTests.xctest; sourceTree = BUILT_PRODUCTS_DIR; };
		CD2963301972AC42009A867F /* Info.plist */ = {isa = PBXFileReference; lastKnownFileType = text.plist.xml; path = Info.plist; sourceTree = "<group>"; };
		CD2963311972AC42009A867F /* UpcomingMoviesTests.swift */ = {isa = PBXFileReference; lastKnownFileType = sourcecode.swift; path = UpcomingMoviesTests.swift; sourceTree = "<group>"; };
/* End PBXFileReference section */

/* Begin PBXFrameworksBuildPhase section */
		CD2963161972AC42009A867F /* Frameworks */ = {
			isa = PBXFrameworksBuildPhase;
			buildActionMask = 2147483647;
			files = (
			);
			runOnlyForDeploymentPostprocessing = 0;
		};
		CD2963281972AC42009A867F /* Frameworks */ = {
			isa = PBXFrameworksBuildPhase;
			buildActionMask = 2147483647;
			files = (
			);
			runOnlyForDeploymentPostprocessing = 0;
		};
/* End PBXFrameworksBuildPhase section */

/* Begin PBXGroup section */
		CD2963101972AC42009A867F = {
			isa = PBXGroup;
			children = (
				CD29631B1972AC42009A867F /* UpcomingMovies */,
				CD29632E1972AC42009A867F /* UpcomingMoviesTests */,
				CD29631A1972AC42009A867F /* Products */,
			);
			sourceTree = "<group>";
		};
		CD29631A1972AC42009A867F /* Products */ = {
			isa = PBXGroup;
			children = (
				CD2963191972AC42009A867F /* UpcomingMovies.app */,
				CD29632B1972AC42009A867F /* UpcomingMoviesTests.xctest */,
			);
			name = Products;
			sourceTree = "<group>";
		};
		CD29631B1972AC42009A867F /* UpcomingMovies */ = {
			isa = PBXGroup;
			children = (
				CD29631E1972AC42009A867F /* AppDelegate.swift */,
				CD2963201972AC42009A867F /* ViewController.swift */,
				CD2963221972AC42009A867F /* Main.storyboard */,
				CD2963251972AC42009A867F /* Images.xcassets */,
				CD29631C1972AC42009A867F /* Supporting Files */,
			);
			path = UpcomingMovies;
			sourceTree = "<group>";
		};
		CD29631C1972AC42009A867F /* Supporting Files */ = {
			isa = PBXGroup;
			children = (
				CD29631D1972AC42009A867F /* Info.plist */,
			);
			name = "Supporting Files";
			sourceTree = "<group>";
		};
		CD29632E1972AC42009A867F /* UpcomingMoviesTests */ = {
			isa = PBXGroup;
			children = (
				CD2963311972AC42009A867F /* UpcomingMoviesTests.swift */,
				CD29632F1972AC42009A867F /* Supporting Files */,
			);
			path = UpcomingMoviesTests;
			sourceTree = "<group>";
		};
		CD29632F1972AC42009A867F /* Supporting Files */ = {
			isa = PBXGroup;
			children = (
				CD2963301972AC42009A867F /* Info.plist */,
			);
			name = "Supporting Files";
			sourceTree = "<group>";
		};
/* End PBXGroup section */

/* Begin PBXNativeTarget section */
		CD2963181972AC42009A867F /* UpcomingMovies */ = {
			isa = PBXNativeTarget;
			buildConfigurationList = CD2963351972AC42009A867F /* Build configuration list for PBXNativeTarget "UpcomingMovies" */;
			buildPhases = (
				CD2963151972AC42009A867F /* Sources */,
				CD2963161972AC42009A867F /* Frameworks */,
				CD2963171972AC42009A867F /* Resources */,
			);
			buildRules = (
			);
			dependencies = (
			);
			name = UpcomingMovies;
			productName = UpcomingMovies;
			productReference = CD2963191972AC42009A867F /* UpcomingMovies.app */;
			productType = "com.apple.product-type.application";
		};
		CD29632A1972AC42009A867F /* UpcomingMoviesTests */ = {
			isa = PBXNativeTarget;
			buildConfigurationList = CD2963381972AC42009A867F /* Build configuration list for PBXNativeTarget "UpcomingMoviesTests" */;
			buildPhases = (
				CD2963271972AC42009A867F /* Sources */,
				CD2963281972AC42009A867F /* Frameworks */,
				CD2963291972AC42009A867F /* Resources */,
			);
			buildRules = (
			);
			dependencies = (
				CD29632D1972AC42009A867F /* PBXTargetDependency */,
			);
			name = UpcomingMoviesTests;
			productName = UpcomingMoviesTests;
			productReference = CD29632B1972AC42009A867F /* UpcomingMoviesTests.xctest */;
			productType = "com.apple.product-type.bundle.unit-test";
		};
/* End PBXNativeTarget section */

/* Begin PBXProject section */
		CD2963111972AC42009A867F /* Project object */ = {
			isa = PBXProject;
			attributes = {
				LastUpgradeCheck = 0600;
				ORGANIZATIONNAME = "Patrick Haralabidis";
				TargetAttributes = {
					CD2963181972AC42009A867F = {
						CreatedOnToolsVersion = 6.0;
					};
					CD29632A1972AC42009A867F = {
						CreatedOnToolsVersion = 6.0;
						TestTargetID = CD2963181972AC42009A867F;
					};
				};
			};
			buildConfigurationList = CD2963141972AC42009A867F /* Build configuration list for PBXProject "UpcomingMovies" */;
			compatibilityVersion = "Xcode 3.2";
			developmentRegion = English;
			hasScannedForEncodings = 0;
			knownRegions = (
				en,
				Base,
			);
			mainGroup = CD2963101972AC42009A867F;
			productRefGroup = CD29631A1972AC42009A867F /* Products */;
			projectDirPath = "";
			projectRoot = "";
			targets = (
				CD2963181972AC42009A867F /* UpcomingMovies */,
				CD29632A1972AC42009A867F /* UpcomingMoviesTests */,
			);
		};
/* End PBXProject section */

/* Begin PBXResourcesBuildPhase section */
		CD2963171972AC42009A867F /* Resources */ = {
			isa = PBXResourcesBuildPhase;
			buildActionMask = 2147483647;
			files = (
				CD2963241972AC42009A867F /* Main.storyboard in Resources */,
				CD2963261972AC42009A867F /* Images.xcassets in Resources */,
			);
			runOnlyForDeploymentPostprocessing = 0;
		};
		CD2963291972AC42009A867F /* Resources */ = {
			isa = PBXResourcesBuildPhase;
			buildActionMask = 2147483647;
			files = (
			);
			runOnlyForDeploymentPostprocessing = 0;
		};
/* End PBXResourcesBuildPhase section */

/* Begin PBXSourcesBuildPhase section */
		CD2963151972AC42009A867F /* Sources */ = {
			isa = PBXSourcesBuildPhase;
			buildActionMask = 2147483647;
			files = (
				CD2963211972AC42009A867F /* ViewController.swift in Sources */,
				CD29631F1972AC42009A867F /* AppDelegate.swift in Sources */,
			);
			runOnlyForDeploymentPostprocessing = 0;
		};
		CD2963271972AC42009A867F /* Sources */ = {
			isa = PBXSourcesBuildPhase;
			buildActionMask = 2147483647;
			files = (
				CD2963321972AC42009A867F /* UpcomingMoviesTests.swift in Sources */,
			);
			runOnlyForDeploymentPostprocessing = 0;
		};
/* End PBXSourcesBuildPhase section */

/* Begin PBXTargetDependency section */
		CD29632D1972AC42009A867F /* PBXTargetDependency */ = {
			isa = PBXTargetDependency;
			target = CD2963181972AC42009A867F /* UpcomingMovies */;
			targetProxy = CD29632C1972AC42009A867F /* PBXContainerItemProxy */;
		};
/* End PBXTargetDependency section */

/* Begin PBXVariantGroup section */
		CD2963221972AC42009A867F /* Main.storyboard */ = {
			isa = PBXVariantGroup;
			children = (
				CD2963231972AC42009A867F /* Base */,
			);
			name = Main.storyboard;
			sourceTree = "<group>";
		};
/* End PBXVariantGroup section */

/* Begin XCBuildConfiguration section */
		CD2963331972AC42009A867F /* Debug */ = {
			isa = XCBuildConfiguration;
			buildSettings = {
				ALWAYS_SEARCH_USER_PATHS = NO;
				CLANG_CXX_LANGUAGE_STANDARD = "gnu++0x";
				CLANG_CXX_LIBRARY = "libc++";
				CLANG_ENABLE_MODULES = YES;
				CLANG_ENABLE_OBJC_ARC = YES;
				CLANG_WARN_BOOL_CONVERSION = YES;
				CLANG_WARN_CONSTANT_CONVERSION = YES;
				CLANG_WARN_DIRECT_OBJC_ISA_USAGE = YES_ERROR;
				CLANG_WARN_EMPTY_BODY = YES;
				CLANG_WARN_ENUM_CONVERSION = YES;
				CLANG_WARN_INT_CONVERSION = YES;
				CLANG_WARN_OBJC_ROOT_CLASS = YES_ERROR;
				CLANG_WARN_UNREACHABLE_CODE = YES;
				CLANG_WARN__DUPLICATE_METHOD_MATCH = YES;
				"CODE_SIGN_IDENTITY[sdk=iphoneos*]" = "iPhone Developer";
				COPY_PHASE_STRIP = NO;
				ENABLE_STRICT_OBJC_MSGSEND = YES;
				GCC_C_LANGUAGE_STANDARD = gnu99;
				GCC_DYNAMIC_NO_PIC = NO;
				GCC_OPTIMIZATION_LEVEL = 0;
				GCC_PREPROCESSOR_DEFINITIONS = (
					"DEBUG=1",
					"$(inherited)",
				);
				GCC_SYMBOLS_PRIVATE_EXTERN = NO;
				GCC_WARN_64_TO_32_BIT_CONVERSION = YES;
				GCC_WARN_ABOUT_RETURN_TYPE = YES_ERROR;
				GCC_WARN_UNDECLARED_SELECTOR = YES;
				GCC_WARN_UNINITIALIZED_AUTOS = YES_AGGRESSIVE;
				GCC_WARN_UNUSED_FUNCTION = YES;
				GCC_WARN_UNUSED_VARIABLE = YES;
				IPHONEOS_DEPLOYMENT_TARGET = 8.0;
				MTL_ENABLE_DEBUG_INFO = YES;
				ONLY_ACTIVE_ARCH = YES;
				SDKROOT = iphoneos;
				SWIFT_OPTIMIZATION_LEVEL = "-Onone";
			};
			name = Debug;
		};
		CD2963341972AC42009A867F /* Release */ = {
			isa = XCBuildConfiguration;
			buildSettings = {
				ALWAYS_SEARCH_USER_PATHS = NO;
				CLANG_CXX_LANGUAGE_STANDARD = "gnu++0x";
				CLANG_CXX_LIBRARY = "libc++";
				CLANG_ENABLE_MODULES = YES;
				CLANG_ENABLE_OBJC_ARC = YES;
				CLANG_WARN_BOOL_CONVERSION = YES;
				CLANG_WARN_CONSTANT_CONVERSION = YES;
				CLANG_WARN_DIRECT_OBJC_ISA_USAGE = YES_ERROR;
				CLANG_WARN_EMPTY_BODY = YES;
				CLANG_WARN_ENUM_CONVERSION = YES;
				CLANG_WARN_INT_CONVERSION = YES;
				CLANG_WARN_OBJC_ROOT_CLASS = YES_ERROR;
				CLANG_WARN_UNREACHABLE_CODE = YES;
				CLANG_WARN__DUPLICATE_METHOD_MATCH = YES;
				"CODE_SIGN_IDENTITY[sdk=iphoneos*]" = "iPhone Developer";
				COPY_PHASE_STRIP = YES;
				ENABLE_NS_ASSERTIONS = NO;
				ENABLE_STRICT_OBJC_MSGSEND = YES;
				GCC_C_LANGUAGE_STANDARD = gnu99;
				GCC_WARN_64_TO_32_BIT_CONVERSION = YES;
				GCC_WARN_ABOUT_RETURN_TYPE = YES_ERROR;
				GCC_WARN_UNDECLARED_SELECTOR = YES;
				GCC_WARN_UNINITIALIZED_AUTOS = YES_AGGRESSIVE;
				GCC_WARN_UNUSED_FUNCTION = YES;
				GCC_WARN_UNUSED_VARIABLE = YES;
				IPHONEOS_DEPLOYMENT_TARGET = 8.0;
				MTL_ENABLE_DEBUG_INFO = NO;
				SDKROOT = iphoneos;
				VALIDATE_PRODUCT = YES;
			};
			name = Release;
		};
		CD2963361972AC42009A867F /* Debug */ = {
			isa = XCBuildConfiguration;
			buildSettings = {
				ASSETCATALOG_COMPILER_APPICON_NAME = AppIcon;
				ASSETCATALOG_COMPILER_LAUNCHIMAGE_NAME = LaunchImage;
				INFOPLIST_FILE = UpcomingMovies/Info.plist;
				LD_RUNPATH_SEARCH_PATHS = "$(inherited) @executable_path/Frameworks";
				PRODUCT_NAME = "$(TARGET_NAME)";
			};
			name = Debug;
		};
		CD2963371972AC42009A867F /* Release */ = {
			isa = XCBuildConfiguration;
			buildSettings = {
				ASSETCATALOG_COMPILER_APPICON_NAME = AppIcon;
				ASSETCATALOG_COMPILER_LAUNCHIMAGE_NAME = LaunchImage;
				INFOPLIST_FILE = UpcomingMovies/Info.plist;
				LD_RUNPATH_SEARCH_PATHS = "$(inherited) @executable_path/Frameworks";
				PRODUCT_NAME = "$(TARGET_NAME)";
			};
			name = Release;
		};
		CD2963391972AC42009A867F /* Debug */ = {
			isa = XCBuildConfiguration;
			buildSettings = {
				BUNDLE_LOADER = "$(BUILT_PRODUCTS_DIR)/UpcomingMovies.app/UpcomingMovies";
				FRAMEWORK_SEARCH_PATHS = (
					"$(SDKROOT)/Developer/Library/Frameworks",
					"$(inherited)",
				);
				GCC_PREPROCESSOR_DEFINITIONS = (
					"DEBUG=1",
					"$(inherited)",
				);
				INFOPLIST_FILE = UpcomingMoviesTests/Info.plist;
				LD_RUNPATH_SEARCH_PATHS = "$(inherited) @executable_path/Frameworks @loader_path/Frameworks";
				PRODUCT_NAME = "$(TARGET_NAME)";
				TEST_HOST = "$(BUNDLE_LOADER)";
			};
			name = Debug;
		};
		CD29633A1972AC42009A867F /* Release */ = {
			isa = XCBuildConfiguration;
			buildSettings = {
				BUNDLE_LOADER = "$(BUILT_PRODUCTS_DIR)/UpcomingMovies.app/UpcomingMovies";
				FRAMEWORK_SEARCH_PATHS = (
					"$(SDKROOT)/Developer/Library/Frameworks",
					"$(inherited)",
				);
				INFOPLIST_FILE = UpcomingMoviesTests/Info.plist;
				LD_RUNPATH_SEARCH_PATHS = "$(inherited) @executable_path/Frameworks @loader_path/Frameworks";
				PRODUCT_NAME = "$(TARGET_NAME)";
				TEST_HOST = "$(BUNDLE_LOADER)";
			};
			name = Release;
		};
/* End XCBuildConfiguration section */

/* Begin XCConfigurationList section */
		CD2963141972AC42009A867F /* Build configuration list for PBXProject "UpcomingMovies" */ = {
			isa = XCConfigurationList;
			buildConfigurations = (
				CD2963331972AC42009A867F /* Debug */,
				CD2963341972AC42009A867F /* Release */,
			);
			defaultConfigurationIsVisible = 0;
			defaultConfigurationName = Release;
		};
		CD2963351972AC42009A867F /* Build configuration list for PBXNativeTarget "UpcomingMovies" */ = {
			isa = XCConfigurationList;
			buildConfigurations = (
				CD2963361972AC42009A867F /* Debug */,
				CD2963371972AC42009A867F /* Release */,
			);
			defaultConfigurationIsVisible = 0;
		};
		CD2963381972AC42009A867F /* Build configuration list for PBXNativeTarget "UpcomingMoviesTests" */ = {
			isa = XCConfigurationList;
			buildConfigurations = (
				CD2963391972AC42009A867F /* Debug */,
				CD29633A1972AC42009A867F /* Release */,
			);
			defaultConfigurationIsVisible = 0;
		};
/* End XCConfigurationList section */
	};
	rootObject = CD2963111972AC42009A867F /* Project object */;
}
